
Microsoft Visual Studio Solution File, Format Version 12.00
# Visual Studio 15
VisualStudioVersion = 15.0.28010.2003
MinimumVisualStudioVersion = 10.0.40219.1
Project("{FAE04EC0-301F-11D3-BF4B-00C04F79EFBC}") = "WebJWT", "WebJWT\WebJWT.csproj", "{033D3E77-9B4B-4CF3-80CA-24D3243BA42A}"
EndProject
Global
	GlobalSection(SolutionConfigurationPlatforms) = preSolution
		Debug|Any CPU = Debug|Any CPU
		Release|Any CPU = Release|Any CPU
	EndGlobalSection
	GlobalSection(ProjectConfigurationPlatforms) = postSolution
		{033D3E77-9B4B-4CF3-80CA-24D3243BA42A}.Debug|Any CPU.ActiveCfg = Debug|Any CPU
		{033D3E77-9B4B-4CF3-80CA-24D3243BA42A}.Debug|Any CPU.Build.0 = Debug|Any CPU
		{033D3E77-9B4B-4CF3-80CA-24D3243BA42A}.Release|Any CPU.ActiveCfg = Release|Any CPU
		{033D3E77-9B4B-4CF3-80CA-24D3243BA42A}.Release|Any CPU.Build.0 = Release|Any CPU
	EndGlobalSection
	GlobalSection(SolutionProperties) = preSolution
		HideSolutionNode = FALSE
	EndGlobalSection
	GlobalSection(ExtensibilityGlobals) = postSolution
		SolutionGuid = {78AE35BD-C00E-4559-BC42-D2EEF43A4494}
	EndGlobalSection
EndGlobal
